
Microsoft Visual Studio Solution File, Format Version 12.00
# Visual Studio Version 17
VisualStudioVersion = 17.10.35027.167
MinimumVisualStudioVersion = 10.0.40219.1
Project("{2150E333-8FDC-42A3-9474-1A3956D46DE8}") = "Services", "Services", "{5284C45F-6317-4C44-AD71-EB39027833C2}"
EndProject
Project("{2150E333-8FDC-42A3-9474-1A3956D46DE8}") = "Catalog", "Catalog", "{9CA9F087-C98C-4863-8DEA-925A324D29BA}"
EndProject
Project("{FAE04EC0-301F-11D3-BF4B-00C04F79EFBC}") = "MultiShop.Catalog", "Services\Catalog\MultiShop.Catalog\MultiShop.Catalog.csproj", "{826F7688-460B-4EB4-A504-969C175DBBE9}"
EndProject
Global
	GlobalSection(SolutionConfigurationPlatforms) = preSolution
		Debug|Any CPU = Debug|Any CPU
		Release|Any CPU = Release|Any CPU
	EndGlobalSection
	GlobalSection(ProjectConfigurationPlatforms) = postSolution
		{826F7688-460B-4EB4-A504-969C175DBBE9}.Debug|Any CPU.ActiveCfg = Debug|Any CPU
		{826F7688-460B-4EB4-A504-969C175DBBE9}.Debug|Any CPU.Build.0 = Debug|Any CPU
		{826F7688-460B-4EB4-A504-969C175DBBE9}.Release|Any CPU.ActiveCfg = Release|Any CPU
		{826F7688-460B-4EB4-A504-969C175DBBE9}.Release|Any CPU.Build.0 = Release|Any CPU
	EndGlobalSection
	GlobalSection(SolutionProperties) = preSolution
		HideSolutionNode = FALSE
	EndGlobalSection
	GlobalSection(NestedProjects) = preSolution
		{9CA9F087-C98C-4863-8DEA-925A324D29BA} = {5284C45F-6317-4C44-AD71-EB39027833C2}
		{826F7688-460B-4EB4-A504-969C175DBBE9} = {9CA9F087-C98C-4863-8DEA-925A324D29BA}
	EndGlobalSection
	GlobalSection(ExtensibilityGlobals) = postSolution
		SolutionGuid = {6D93D22D-BD47-4AEE-9791-2D12741B176A}
	EndGlobalSection
EndGlobal
