
Microsoft Visual Studio Solution File, Format Version 12.00
# Visual Studio Version 17
VisualStudioVersion = 17.10.35027.167
MinimumVisualStudioVersion = 10.0.40219.1
Project("{2150E333-8FDC-42A3-9474-1A3956D46DE8}") = "Services", "Services", "{5284C45F-6317-4C44-AD71-EB39027833C2}"
EndProject
Project("{2150E333-8FDC-42A3-9474-1A3956D46DE8}") = "Catalog", "Catalog", "{9CA9F087-C98C-4863-8DEA-925A324D29BA}"
EndProject
Project("{9A19103F-16F7-4668-BE54-9A1E7A4F7556}") = "MultiShop.Catalog", "Services\Catalog\MultiShop.Catalog\MultiShop.Catalog.csproj", "{826F7688-460B-4EB4-A504-969C175DBBE9}"
EndProject
Project("{2150E333-8FDC-42A3-9474-1A3956D46DE8}") = "Discount", "Discount", "{06E431A1-733E-4908-9C0B-E753AADB9C2F}"
EndProject
Project("{9A19103F-16F7-4668-BE54-9A1E7A4F7556}") = "MultiShop.Discount", "Services\Discount\MultiShop.Discount\MultiShop.Discount.csproj", "{A5F3A14F-299B-4612-A12F-713AA05DF5B4}"
EndProject
Project("{2150E333-8FDC-42A3-9474-1A3956D46DE8}") = "Order", "Order", "{D2EEB30A-E61A-4FF6-BB5A-A220FD24EF4B}"
EndProject
Project("{2150E333-8FDC-42A3-9474-1A3956D46DE8}") = "Core", "Core", "{C81CABD1-A03C-45F5-9E20-03DF0C422618}"
EndProject
Project("{2150E333-8FDC-42A3-9474-1A3956D46DE8}") = "Infrastructure", "Infrastructure", "{91886D5E-DFA5-424A-B47B-2EF469EA056C}"
EndProject
Project("{2150E333-8FDC-42A3-9474-1A3956D46DE8}") = "Presentation", "Presentation", "{DD77C98B-7642-4D75-84BE-6120290944C1}"
EndProject
Project("{9A19103F-16F7-4668-BE54-9A1E7A4F7556}") = "MultiShop.Order.Domain", "Services\Order\Core\MultiShop.Order.Domain\MultiShop.Order.Domain.csproj", "{3F4AC92E-CC33-4898-9E21-F1A3D474EB8B}"
EndProject
Project("{9A19103F-16F7-4668-BE54-9A1E7A4F7556}") = "MultiShop.Order.Persistence", "Services\Order\Infrastructure\MultiShop.Order.Persistence\MultiShop.Order.Persistence.csproj", "{46CAE947-D6F2-4A9C-95E3-B3BFDBC6A7EB}"
EndProject
Project("{9A19103F-16F7-4668-BE54-9A1E7A4F7556}") = "MultiShop.Order.WebApi", "Services\Order\Presentation\MultiShop.Order.WebApi\MultiShop.Order.WebApi.csproj", "{28E99CE2-B569-4C9A-BA8E-D518EAB56C38}"
EndProject
Project("{FAE04EC0-301F-11D3-BF4B-00C04F79EFBC}") = "MultiShop.Order.Applications", "Services\Order\Applications\MultiShop.Order.Applications\MultiShop.Order.Applications.csproj", "{E162A3CA-4C2A-4697-8D75-66D80867A478}"
EndProject
Global
	GlobalSection(SolutionConfigurationPlatforms) = preSolution
		Debug|Any CPU = Debug|Any CPU
		Release|Any CPU = Release|Any CPU
	EndGlobalSection
	GlobalSection(ProjectConfigurationPlatforms) = postSolution
		{826F7688-460B-4EB4-A504-969C175DBBE9}.Debug|Any CPU.ActiveCfg = Debug|Any CPU
		{826F7688-460B-4EB4-A504-969C175DBBE9}.Debug|Any CPU.Build.0 = Debug|Any CPU
		{826F7688-460B-4EB4-A504-969C175DBBE9}.Release|Any CPU.ActiveCfg = Release|Any CPU
		{826F7688-460B-4EB4-A504-969C175DBBE9}.Release|Any CPU.Build.0 = Release|Any CPU
		{A5F3A14F-299B-4612-A12F-713AA05DF5B4}.Debug|Any CPU.ActiveCfg = Debug|Any CPU
		{A5F3A14F-299B-4612-A12F-713AA05DF5B4}.Debug|Any CPU.Build.0 = Debug|Any CPU
		{A5F3A14F-299B-4612-A12F-713AA05DF5B4}.Release|Any CPU.ActiveCfg = Release|Any CPU
		{A5F3A14F-299B-4612-A12F-713AA05DF5B4}.Release|Any CPU.Build.0 = Release|Any CPU
		{3F4AC92E-CC33-4898-9E21-F1A3D474EB8B}.Debug|Any CPU.ActiveCfg = Debug|Any CPU
		{3F4AC92E-CC33-4898-9E21-F1A3D474EB8B}.Debug|Any CPU.Build.0 = Debug|Any CPU
		{3F4AC92E-CC33-4898-9E21-F1A3D474EB8B}.Release|Any CPU.ActiveCfg = Release|Any CPU
		{3F4AC92E-CC33-4898-9E21-F1A3D474EB8B}.Release|Any CPU.Build.0 = Release|Any CPU
		{46CAE947-D6F2-4A9C-95E3-B3BFDBC6A7EB}.Debug|Any CPU.ActiveCfg = Debug|Any CPU
		{46CAE947-D6F2-4A9C-95E3-B3BFDBC6A7EB}.Debug|Any CPU.Build.0 = Debug|Any CPU
		{46CAE947-D6F2-4A9C-95E3-B3BFDBC6A7EB}.Release|Any CPU.ActiveCfg = Release|Any CPU
		{46CAE947-D6F2-4A9C-95E3-B3BFDBC6A7EB}.Release|Any CPU.Build.0 = Release|Any CPU
		{28E99CE2-B569-4C9A-BA8E-D518EAB56C38}.Debug|Any CPU.ActiveCfg = Debug|Any CPU
		{28E99CE2-B569-4C9A-BA8E-D518EAB56C38}.Debug|Any CPU.Build.0 = Debug|Any CPU
		{28E99CE2-B569-4C9A-BA8E-D518EAB56C38}.Release|Any CPU.ActiveCfg = Release|Any CPU
		{28E99CE2-B569-4C9A-BA8E-D518EAB56C38}.Release|Any CPU.Build.0 = Release|Any CPU
		{E162A3CA-4C2A-4697-8D75-66D80867A478}.Debug|Any CPU.ActiveCfg = Debug|Any CPU
		{E162A3CA-4C2A-4697-8D75-66D80867A478}.Debug|Any CPU.Build.0 = Debug|Any CPU
		{E162A3CA-4C2A-4697-8D75-66D80867A478}.Release|Any CPU.ActiveCfg = Release|Any CPU
		{E162A3CA-4C2A-4697-8D75-66D80867A478}.Release|Any CPU.Build.0 = Release|Any CPU
	EndGlobalSection
	GlobalSection(SolutionProperties) = preSolution
		HideSolutionNode = FALSE
	EndGlobalSection
	GlobalSection(NestedProjects) = preSolution
		{9CA9F087-C98C-4863-8DEA-925A324D29BA} = {5284C45F-6317-4C44-AD71-EB39027833C2}
		{826F7688-460B-4EB4-A504-969C175DBBE9} = {9CA9F087-C98C-4863-8DEA-925A324D29BA}
		{06E431A1-733E-4908-9C0B-E753AADB9C2F} = {5284C45F-6317-4C44-AD71-EB39027833C2}
		{A5F3A14F-299B-4612-A12F-713AA05DF5B4} = {06E431A1-733E-4908-9C0B-E753AADB9C2F}
		{D2EEB30A-E61A-4FF6-BB5A-A220FD24EF4B} = {5284C45F-6317-4C44-AD71-EB39027833C2}
		{C81CABD1-A03C-45F5-9E20-03DF0C422618} = {D2EEB30A-E61A-4FF6-BB5A-A220FD24EF4B}
		{91886D5E-DFA5-424A-B47B-2EF469EA056C} = {D2EEB30A-E61A-4FF6-BB5A-A220FD24EF4B}
		{DD77C98B-7642-4D75-84BE-6120290944C1} = {D2EEB30A-E61A-4FF6-BB5A-A220FD24EF4B}
		{3F4AC92E-CC33-4898-9E21-F1A3D474EB8B} = {C81CABD1-A03C-45F5-9E20-03DF0C422618}
		{46CAE947-D6F2-4A9C-95E3-B3BFDBC6A7EB} = {91886D5E-DFA5-424A-B47B-2EF469EA056C}
		{28E99CE2-B569-4C9A-BA8E-D518EAB56C38} = {DD77C98B-7642-4D75-84BE-6120290944C1}
		{E162A3CA-4C2A-4697-8D75-66D80867A478} = {C81CABD1-A03C-45F5-9E20-03DF0C422618}
	EndGlobalSection
	GlobalSection(ExtensibilityGlobals) = postSolution
		SolutionGuid = {6D93D22D-BD47-4AEE-9791-2D12741B176A}
	EndGlobalSection
EndGlobal
